
Microsoft Visual Studio Solution File, Format Version 11.00
# Visual Studio 2010
Project("{FAE04EC0-301F-11D3-BF4B-00C04F79EFBC}") = "ActiveProject", "Assembly-CSharp.csproj", "{C40F59C3-C31A-D1FC-AC8A-E64314DB81A9}"
EndProject
Project("{FAE04EC0-301F-11D3-BF4B-00C04F79EFBC}") = "ActiveProject", "Assembly-CSharp-Editor.csproj", "{7B3306C4-7386-BE0D-DCBC-3511C4D233EB}"
EndProject
Global
	GlobalSection(SolutionConfigurationPlatforms) = preSolution
		Debug|Any CPU = Debug|Any CPU
		Release|Any CPU = Release|Any CPU
	EndGlobalSection
	GlobalSection(ProjectConfigurationPlatforms) = postSolution
		{C40F59C3-C31A-D1FC-AC8A-E64314DB81A9}.Debug|Any CPU.ActiveCfg = Debug|Any CPU
		{C40F59C3-C31A-D1FC-AC8A-E64314DB81A9}.Debug|Any CPU.Build.0 = Debug|Any CPU
		{C40F59C3-C31A-D1FC-AC8A-E64314DB81A9}.Release|Any CPU.ActiveCfg = Release|Any CPU
		{C40F59C3-C31A-D1FC-AC8A-E64314DB81A9}.Release|Any CPU.Build.0 = Release|Any CPU
		{7B3306C4-7386-BE0D-DCBC-3511C4D233EB}.Debug|Any CPU.ActiveCfg = Debug|Any CPU
		{7B3306C4-7386-BE0D-DCBC-3511C4D233EB}.Debug|Any CPU.Build.0 = Debug|Any CPU
		{7B3306C4-7386-BE0D-DCBC-3511C4D233EB}.Release|Any CPU.ActiveCfg = Release|Any CPU
		{7B3306C4-7386-BE0D-DCBC-3511C4D233EB}.Release|Any CPU.Build.0 = Release|Any CPU
	EndGlobalSection
	GlobalSection(SolutionProperties) = preSolution
		HideSolutionNode = FALSE
	EndGlobalSection
	GlobalSection(MonoDevelopProperties) = preSolution
		StartupItem = Assembly-CSharp.csproj
	EndGlobalSection
EndGlobal
